
Microsoft Visual Studio Solution File, Format Version 12.00
# Visual Studio Version 17
VisualStudioVersion = 17.5.33424.131
MinimumVisualStudioVersion = 10.0.40219.1
Project("{9A19103F-16F7-4668-BE54-9A1E7A4F7556}") = "CustomStoreDB", "CustomStoreDB\CustomStoreDB.csproj", "{C8AA195B-3588-49F3-AB6C-62FC245DC502}"
EndProject
Project("{9A19103F-16F7-4668-BE54-9A1E7A4F7556}") = "Entities", "Entities\Entities.csproj", "{0D80F727-78EF-46A2-890F-19802A9E325A}"
EndProject
Project("{9A19103F-16F7-4668-BE54-9A1E7A4F7556}") = "Services", "Services\Services.csproj", "{4BF5B308-D993-4186-99A8-687AEA1816DE}"
EndProject
Project("{9A19103F-16F7-4668-BE54-9A1E7A4F7556}") = "ServicesTests", "ServicesTests\ServicesTests.csproj", "{9BE2CF7F-B456-4E5A-B7C6-5F284AD6D3FC}"
EndProject
Project("{9A19103F-16F7-4668-BE54-9A1E7A4F7556}") = "ServicesContracts", "ServicesContracts\ServicesContracts.csproj", "{CA43ED51-0819-4881-AF34-F180C58EDA30}"
EndProject
Project("{FAE04EC0-301F-11D3-BF4B-00C04F79EFBC}") = "Repository", "Repository\Repository.csproj", "{D3A567B6-1BA1-4C39-9EEB-345ACD877D42}"
EndProject
Global
	GlobalSection(SolutionConfigurationPlatforms) = preSolution
		Debug|Any CPU = Debug|Any CPU
		Release|Any CPU = Release|Any CPU
	EndGlobalSection
	GlobalSection(ProjectConfigurationPlatforms) = postSolution
		{C8AA195B-3588-49F3-AB6C-62FC245DC502}.Debug|Any CPU.ActiveCfg = Debug|Any CPU
		{C8AA195B-3588-49F3-AB6C-62FC245DC502}.Debug|Any CPU.Build.0 = Debug|Any CPU
		{C8AA195B-3588-49F3-AB6C-62FC245DC502}.Release|Any CPU.ActiveCfg = Release|Any CPU
		{C8AA195B-3588-49F3-AB6C-62FC245DC502}.Release|Any CPU.Build.0 = Release|Any CPU
		{0D80F727-78EF-46A2-890F-19802A9E325A}.Debug|Any CPU.ActiveCfg = Debug|Any CPU
		{0D80F727-78EF-46A2-890F-19802A9E325A}.Debug|Any CPU.Build.0 = Debug|Any CPU
		{0D80F727-78EF-46A2-890F-19802A9E325A}.Release|Any CPU.ActiveCfg = Release|Any CPU
		{0D80F727-78EF-46A2-890F-19802A9E325A}.Release|Any CPU.Build.0 = Release|Any CPU
		{4BF5B308-D993-4186-99A8-687AEA1816DE}.Debug|Any CPU.ActiveCfg = Debug|Any CPU
		{4BF5B308-D993-4186-99A8-687AEA1816DE}.Debug|Any CPU.Build.0 = Debug|Any CPU
		{4BF5B308-D993-4186-99A8-687AEA1816DE}.Release|Any CPU.ActiveCfg = Release|Any CPU
		{4BF5B308-D993-4186-99A8-687AEA1816DE}.Release|Any CPU.Build.0 = Release|Any CPU
		{9BE2CF7F-B456-4E5A-B7C6-5F284AD6D3FC}.Debug|Any CPU.ActiveCfg = Debug|Any CPU
		{9BE2CF7F-B456-4E5A-B7C6-5F284AD6D3FC}.Debug|Any CPU.Build.0 = Debug|Any CPU
		{9BE2CF7F-B456-4E5A-B7C6-5F284AD6D3FC}.Release|Any CPU.ActiveCfg = Release|Any CPU
		{9BE2CF7F-B456-4E5A-B7C6-5F284AD6D3FC}.Release|Any CPU.Build.0 = Release|Any CPU
		{CA43ED51-0819-4881-AF34-F180C58EDA30}.Debug|Any CPU.ActiveCfg = Debug|Any CPU
		{CA43ED51-0819-4881-AF34-F180C58EDA30}.Debug|Any CPU.Build.0 = Debug|Any CPU
		{CA43ED51-0819-4881-AF34-F180C58EDA30}.Release|Any CPU.ActiveCfg = Release|Any CPU
		{CA43ED51-0819-4881-AF34-F180C58EDA30}.Release|Any CPU.Build.0 = Release|Any CPU
		{D3A567B6-1BA1-4C39-9EEB-345ACD877D42}.Debug|Any CPU.ActiveCfg = Debug|Any CPU
		{D3A567B6-1BA1-4C39-9EEB-345ACD877D42}.Debug|Any CPU.Build.0 = Debug|Any CPU
		{D3A567B6-1BA1-4C39-9EEB-345ACD877D42}.Release|Any CPU.ActiveCfg = Release|Any CPU
		{D3A567B6-1BA1-4C39-9EEB-345ACD877D42}.Release|Any CPU.Build.0 = Release|Any CPU
	EndGlobalSection
	GlobalSection(SolutionProperties) = preSolution
		HideSolutionNode = FALSE
	EndGlobalSection
	GlobalSection(ExtensibilityGlobals) = postSolution
		SolutionGuid = {68AE3BC0-DB97-47F1-A746-A64FA5141DDF}
	EndGlobalSection
EndGlobal
